// !$*UTF8*$!
{
	archiveVersion = 1;
	classes = {
	};
	objectVersion = 52;
	objects = {

/* Begin PBXBuildFile section */
		1B314674237CDC37004B6B33 /* Service.swift in Sources */ = {isa = PBXBuildFile; fileRef = 1B314673237CDC37004B6B33 /* Service.swift */; };
		1B314676237CDDC3004B6B33 /* Model.swift in Sources */ = {isa = PBXBuildFile; fileRef = 1B314675237CDDC3004B6B33 /* Model.swift */; };
		1B955F89237BA8CF0057479D /* AppDelegate.swift in Sources */ = {isa = PBXBuildFile; fileRef = 1B955F88237BA8CF0057479D /* AppDelegate.swift */; };
		1B955F8B237BA8CF0057479D /* SceneDelegate.swift in Sources */ = {isa = PBXBuildFile; fileRef = 1B955F8A237BA8CF0057479D /* SceneDelegate.swift */; };
		1B955F8D237BA8CF0057479D /* ViewController.swift in Sources */ = {isa = PBXBuildFile; fileRef = 1B955F8C237BA8CF0057479D /* ViewController.swift */; };
		1B955F90237BA8CF0057479D /* Main.storyboard in Resources */ = {isa = PBXBuildFile; fileRef = 1B955F8E237BA8CF0057479D /* Main.storyboard */; };
		1B955F92237BA8D40057479D /* Assets.xcassets in Resources */ = {isa = PBXBuildFile; fileRef = 1B955F91237BA8D40057479D /* Assets.xcassets */; };
		1B955F95237BA8D40057479D /* LaunchScreen.storyboard in Resources */ = {isa = PBXBuildFile; fileRef = 1B955F93237BA8D40057479D /* LaunchScreen.storyboard */; };
		1BF038CE237BB36C00CB109C /* BaseNetworkKit in Frameworks */ = {isa = PBXBuildFile; productRef = 1BF038CD237BB36C00CB109C /* BaseNetworkKit */; };
/* End PBXBuildFile section */

/* Begin PBXFileReference section */
		1B314673237CDC37004B6B33 /* Service.swift */ = {isa = PBXFileReference; lastKnownFileType = sourcecode.swift; path = Service.swift; sourceTree = "<group>"; };
		1B314675237CDDC3004B6B33 /* Model.swift */ = {isa = PBXFileReference; lastKnownFileType = sourcecode.swift; path = Model.swift; sourceTree = "<group>"; };
		1B955F85237BA8CF0057479D /* SPM.app */ = {isa = PBXFileReference; explicitFileType = wrapper.application; includeInIndex = 0; path = SPM.app; sourceTree = BUILT_PRODUCTS_DIR; };
		1B955F88237BA8CF0057479D /* AppDelegate.swift */ = {isa = PBXFileReference; lastKnownFileType = sourcecode.swift; path = AppDelegate.swift; sourceTree = "<group>"; };
		1B955F8A237BA8CF0057479D /* SceneDelegate.swift */ = {isa = PBXFileReference; lastKnownFileType = sourcecode.swift; path = SceneDelegate.swift; sourceTree = "<group>"; };
		1B955F8C237BA8CF0057479D /* ViewController.swift */ = {isa = PBXFileReference; lastKnownFileType = sourcecode.swift; path = ViewController.swift; sourceTree = "<group>"; };
		1B955F8F237BA8CF0057479D /* Base */ = {isa = PBXFileReference; lastKnownFileType = file.storyboard; name = Base; path = Base.lproj/Main.storyboard; sourceTree = "<group>"; };
		1B955F91237BA8D40057479D /* Assets.xcassets */ = {isa = PBXFileReference; lastKnownFileType = folder.assetcatalog; path = Assets.xcassets; sourceTree = "<group>"; };
		1B955F94237BA8D40057479D /* Base */ = {isa = PBXFileReference; lastKnownFileType = file.storyboard; name = Base; path = Base.lproj/LaunchScreen.storyboard; sourceTree = "<group>"; };
		1B955F96237BA8D40057479D /* Info.plist */ = {isa = PBXFileReference; lastKnownFileType = text.plist.xml; path = Info.plist; sourceTree = "<group>"; };
/* End PBXFileReference section */

/* Begin PBXFrameworksBuildPhase section */
		1B955F82237BA8CF0057479D /* Frameworks */ = {
			isa = PBXFrameworksBuildPhase;
			buildActionMask = 2147483647;
			files = (
				1BF038CE237BB36C00CB109C /* BaseNetworkKit in Frameworks */,
			);
			runOnlyForDeploymentPostprocessing = 0;
		};
/* End PBXFrameworksBuildPhase section */

/* Begin PBXGroup section */
		1B955F7C237BA8CF0057479D = {
			isa = PBXGroup;
			children = (
				1B955F87237BA8CF0057479D /* SPM */,
				1B955F86237BA8CF0057479D /* Products */,
			);
			sourceTree = "<group>";
		};
		1B955F86237BA8CF0057479D /* Products */ = {
			isa = PBXGroup;
			children = (
				1B955F85237BA8CF0057479D /* SPM.app */,
			);
			name = Products;
			sourceTree = "<group>";
		};
		1B955F87237BA8CF0057479D /* SPM */ = {
			isa = PBXGroup;
			children = (
				1B955F88237BA8CF0057479D /* AppDelegate.swift */,
				1B955F8A237BA8CF0057479D /* SceneDelegate.swift */,
				1B955F8C237BA8CF0057479D /* ViewController.swift */,
				1B314673237CDC37004B6B33 /* Service.swift */,
				1B314675237CDDC3004B6B33 /* Model.swift */,
				1B955F8E237BA8CF0057479D /* Main.storyboard */,
				1B955F91237BA8D40057479D /* Assets.xcassets */,
				1B955F93237BA8D40057479D /* LaunchScreen.storyboard */,
				1B955F96237BA8D40057479D /* Info.plist */,
			);
			path = SPM;
			sourceTree = "<group>";
		};
/* End PBXGroup section */

/* Begin PBXNativeTarget section */
		1B955F84237BA8CF0057479D /* SPM */ = {
			isa = PBXNativeTarget;
			buildConfigurationList = 1B955F99237BA8D40057479D /* Build configuration list for PBXNativeTarget "SPM" */;
			buildPhases = (
				1B955F81237BA8CF0057479D /* Sources */,
				1B955F82237BA8CF0057479D /* Frameworks */,
				1B955F83237BA8CF0057479D /* Resources */,
			);
			buildRules = (
			);
			dependencies = (
			);
			name = SPM;
			packageProductDependencies = (
				1BF038CD237BB36C00CB109C /* BaseNetworkKit */,
			);
			productName = SPM;
			productReference = 1B955F85237BA8CF0057479D /* SPM.app */;
			productType = "com.apple.product-type.application";
		};
/* End PBXNativeTarget section */

/* Begin PBXProject section */
		1B955F7D237BA8CF0057479D /* Project object */ = {
			isa = PBXProject;
			attributes = {
				LastSwiftUpdateCheck = 1120;
				LastUpgradeCheck = 1120;
				ORGANIZATIONNAME = tthais;
				TargetAttributes = {
					1B955F84237BA8CF0057479D = {
						CreatedOnToolsVersion = 11.2.1;
					};
				};
			};
			buildConfigurationList = 1B955F80237BA8CF0057479D /* Build configuration list for PBXProject "SPM" */;
			compatibilityVersion = "Xcode 9.3";
			developmentRegion = en;
			hasScannedForEncodings = 0;
			knownRegions = (
				en,
				Base,
			);
			mainGroup = 1B955F7C237BA8CF0057479D;
			packageReferences = (
				1BF038CC237BB36C00CB109C /* XCRemoteSwiftPackageReference "BaseNetworkKit" */,
			);
			productRefGroup = 1B955F86237BA8CF0057479D /* Products */;
			projectDirPath = "";
			projectRoot = "";
			targets = (
				1B955F84237BA8CF0057479D /* SPM */,
			);
		};
/* End PBXProject section */

/* Begin PBXResourcesBuildPhase section */
		1B955F83237BA8CF0057479D /* Resources */ = {
			isa = PBXResourcesBuildPhase;
			buildActionMask = 2147483647;
			files = (
				1B955F95237BA8D40057479D /* LaunchScreen.storyboard in Resources */,
				1B955F92237BA8D40057479D /* Assets.xcassets in Resources */,
				1B955F90237BA8CF0057479D /* Main.storyboard in Resources */,
			);
			runOnlyForDeploymentPostprocessing = 0;
		};
/* End PBXResourcesBuildPhase section */

/* Begin PBXSourcesBuildPhase section */
		1B955F81237BA8CF0057479D /* Sources */ = {
			isa = PBXSourcesBuildPhase;
			buildActionMask = 2147483647;
			files = (
				1B314676237CDDC3004B6B33 /* Model.swift in Sources */,
				1B955F8D237BA8CF0057479D /* ViewController.swift in Sources */,
				1B314674237CDC37004B6B33 /* Service.swift in Sources */,
				1B955F89237BA8CF0057479D /* AppDelegate.swift in Sources */,
				1B955F8B237BA8CF0057479D /* SceneDelegate.swift in Sources */,
			);
			runOnlyForDeploymentPostprocessing = 0;
		};
/* End PBXSourcesBuildPhase section */

/* Begin PBXVariantGroup section */
		1B955F8E237BA8CF0057479D /* Main.storyboard */ = {
			isa = PBXVariantGroup;
			children = (
				1B955F8F237BA8CF0057479D /* Base */,
			);
			name = Main.storyboard;
			sourceTree = "<group>";
		};
		1B955F93237BA8D40057479D /* LaunchScreen.storyboard */ = {
			isa = PBXVariantGroup;
			children = (
				1B955F94237BA8D40057479D /* Base */,
			);
			name = LaunchScreen.storyboard;
			sourceTree = "<group>";
		};
/* End PBXVariantGroup section */

/* Begin XCBuildConfiguration section */
		1B955F97237BA8D40057479D /* Debug */ = {
			isa = XCBuildConfiguration;
			buildSettings = {
				ALWAYS_SEARCH_USER_PATHS = NO;
				CLANG_ANALYZER_NONNULL = YES;
				CLANG_ANALYZER_NUMBER_OBJECT_CONVERSION = YES_AGGRESSIVE;
				CLANG_CXX_LANGUAGE_STANDARD = "gnu++14";
				CLANG_CXX_LIBRARY = "libc++";
				CLANG_ENABLE_MODULES = YES;
				CLANG_ENABLE_OBJC_ARC = YES;
				CLANG_ENABLE_OBJC_WEAK = YES;
				CLANG_WARN_BLOCK_CAPTURE_AUTORELEASING = YES;
				CLANG_WARN_BOOL_CONVERSION = YES;
				CLANG_WARN_COMMA = YES;
				CLANG_WARN_CONSTANT_CONVERSION = YES;
				CLANG_WARN_DEPRECATED_OBJC_IMPLEMENTATIONS = YES;
				CLANG_WARN_DIRECT_OBJC_ISA_USAGE = YES_ERROR;
				CLANG_WARN_DOCUMENTATION_COMMENTS = YES;
				CLANG_WARN_EMPTY_BODY = YES;
				CLANG_WARN_ENUM_CONVERSION = YES;
				CLANG_WARN_INFINITE_RECURSION = YES;
				CLANG_WARN_INT_CONVERSION = YES;
				CLANG_WARN_NON_LITERAL_NULL_CONVERSION = YES;
				CLANG_WARN_OBJC_IMPLICIT_RETAIN_SELF = YES;
				CLANG_WARN_OBJC_LITERAL_CONVERSION = YES;
				CLANG_WARN_OBJC_ROOT_CLASS = YES_ERROR;
				CLANG_WARN_RANGE_LOOP_ANALYSIS = YES;
				CLANG_WARN_STRICT_PROTOTYPES = YES;
				CLANG_WARN_SUSPICIOUS_MOVE = YES;
				CLANG_WARN_UNGUARDED_AVAILABILITY = YES_AGGRESSIVE;
				CLANG_WARN_UNREACHABLE_CODE = YES;
				CLANG_WARN__DUPLICATE_METHOD_MATCH = YES;
				COPY_PHASE_STRIP = NO;
				DEBUG_INFORMATION_FORMAT = dwarf;
				ENABLE_STRICT_OBJC_MSGSEND = YES;
				ENABLE_TESTABILITY = YES;
				GCC_C_LANGUAGE_STANDARD = gnu11;
				GCC_DYNAMIC_NO_PIC = NO;
				GCC_NO_COMMON_BLOCKS = YES;
				GCC_OPTIMIZATION_LEVEL = 0;
				GCC_PREPROCESSOR_DEFINITIONS = (
					"DEBUG=1",
					"$(inherited)",
				);
				GCC_WARN_64_TO_32_BIT_CONVERSION = YES;
				GCC_WARN_ABOUT_RETURN_TYPE = YES_ERROR;
				GCC_WARN_UNDECLARED_SELECTOR = YES;
				GCC_WARN_UNINITIALIZED_AUTOS = YES_AGGRESSIVE;
				GCC_WARN_UNUSED_FUNCTION = YES;
				GCC_WARN_UNUSED_VARIABLE = YES;
				IPHONEOS_DEPLOYMENT_TARGET = 13.2;
				MTL_ENABLE_DEBUG_INFO = INCLUDE_SOURCE;
				MTL_FAST_MATH = YES;
				ONLY_ACTIVE_ARCH = YES;
				SDKROOT = iphoneos;
				SWIFT_ACTIVE_COMPILATION_CONDITIONS = DEBUG;
				SWIFT_OPTIMIZATION_LEVEL = "-Onone";
			};
			name = Debug;
		};
		1B955F98237BA8D40057479D /* Release */ = {
			isa = XCBuildConfiguration;
			buildSettings = {
				ALWAYS_SEARCH_USER_PATHS = NO;
				CLANG_ANALYZER_NONNULL = YES;
				CLANG_ANALYZER_NUMBER_OBJECT_CONVERSION = YES_AGGRESSIVE;
				CLANG_CXX_LANGUAGE_STANDARD = "gnu++14";
				CLANG_CXX_LIBRARY = "libc++";
				CLANG_ENABLE_MODULES = YES;
				CLANG_ENABLE_OBJC_ARC = YES;
				CLANG_ENABLE_OBJC_WEAK = YES;
				CLANG_WARN_BLOCK_CAPTURE_AUTORELEASING = YES;
				CLANG_WARN_BOOL_CONVERSION = YES;
				CLANG_WARN_COMMA = YES;
				CLANG_WARN_CONSTANT_CONVERSION = YES;
				CLANG_WARN_DEPRECATED_OBJC_IMPLEMENTATIONS = YES;
				CLANG_WARN_DIRECT_OBJC_ISA_USAGE = YES_ERROR;
				CLANG_WARN_DOCUMENTATION_COMMENTS = YES;
				CLANG_WARN_EMPTY_BODY = YES;
				CLANG_WARN_ENUM_CONVERSION = YES;
				CLANG_WARN_INFINITE_RECURSION = YES;
				CLANG_WARN_INT_CONVERSION = YES;
				CLANG_WARN_NON_LITERAL_NULL_CONVERSION = YES;
				CLANG_WARN_OBJC_IMPLICIT_RETAIN_SELF = YES;
				CLANG_WARN_OBJC_LITERAL_CONVERSION = YES;
				CLANG_WARN_OBJC_ROOT_CLASS = YES_ERROR;
				CLANG_WARN_RANGE_LOOP_ANALYSIS = YES;
				CLANG_WARN_STRICT_PROTOTYPES = YES;
				CLANG_WARN_SUSPICIOUS_MOVE = YES;
				CLANG_WARN_UNGUARDED_AVAILABILITY = YES_AGGRESSIVE;
				CLANG_WARN_UNREACHABLE_CODE = YES;
				CLANG_WARN__DUPLICATE_METHOD_MATCH = YES;
				COPY_PHASE_STRIP = NO;
				DEBUG_INFORMATION_FORMAT = "dwarf-with-dsym";
				ENABLE_NS_ASSERTIONS = NO;
				ENABLE_STRICT_OBJC_MSGSEND = YES;
				GCC_C_LANGUAGE_STANDARD = gnu11;
				GCC_NO_COMMON_BLOCKS = YES;
				GCC_WARN_64_TO_32_BIT_CONVERSION = YES;
				GCC_WARN_ABOUT_RETURN_TYPE = YES_ERROR;
				GCC_WARN_UNDECLARED_SELECTOR = YES;
				GCC_WARN_UNINITIALIZED_AUTOS = YES_AGGRESSIVE;
				GCC_WARN_UNUSED_FUNCTION = YES;
				GCC_WARN_UNUSED_VARIABLE = YES;
				IPHONEOS_DEPLOYMENT_TARGET = 13.2;
				MTL_ENABLE_DEBUG_INFO = NO;
				MTL_FAST_MATH = YES;
				SDKROOT = iphoneos;
				SWIFT_COMPILATION_MODE = wholemodule;
				SWIFT_OPTIMIZATION_LEVEL = "-O";
				VALIDATE_PRODUCT = YES;
			};
			name = Release;
		};
		1B955F9A237BA8D40057479D /* Debug */ = {
			isa = XCBuildConfiguration;
			buildSettings = {
				ASSETCATALOG_COMPILER_APPICON_NAME = AppIcon;
				CODE_SIGN_STYLE = Automatic;
				INFOPLIST_FILE = SPM/Info.plist;
				LD_RUNPATH_SEARCH_PATHS = (
					"$(inherited)",
					"@executable_path/Frameworks",
				);
				PRODUCT_BUNDLE_IDENTIFIER = tthais.SPM;
				PRODUCT_NAME = "$(TARGET_NAME)";
				SWIFT_VERSION = 5.0;
				TARGETED_DEVICE_FAMILY = "1,2";
			};
			name = Debug;
		};
		1B955F9B237BA8D40057479D /* Release */ = {
			isa = XCBuildConfiguration;
			buildSettings = {
				ASSETCATALOG_COMPILER_APPICON_NAME = AppIcon;
				CODE_SIGN_STYLE = Automatic;
				INFOPLIST_FILE = SPM/Info.plist;
				LD_RUNPATH_SEARCH_PATHS = (
					"$(inherited)",
					"@executable_path/Frameworks",
				);
				PRODUCT_BUNDLE_IDENTIFIER = tthais.SPM;
				PRODUCT_NAME = "$(TARGET_NAME)";
				SWIFT_VERSION = 5.0;
				TARGETED_DEVICE_FAMILY = "1,2";
			};
			name = Release;
		};
/* End XCBuildConfiguration section */

/* Begin XCConfigurationList section */
		1B955F80237BA8CF0057479D /* Build configuration list for PBXProject "SPM" */ = {
			isa = XCConfigurationList;
			buildConfigurations = (
				1B955F97237BA8D40057479D /* Debug */,
				1B955F98237BA8D40057479D /* Release */,
			);
			defaultConfigurationIsVisible = 0;
			defaultConfigurationName = Release;
		};
		1B955F99237BA8D40057479D /* Build configuration list for PBXNativeTarget "SPM" */ = {
			isa = XCConfigurationList;
			buildConfigurations = (
				1B955F9A237BA8D40057479D /* Debug */,
				1B955F9B237BA8D40057479D /* Release */,
			);
			defaultConfigurationIsVisible = 0;
			defaultConfigurationName = Release;
		};
/* End XCConfigurationList section */

/* Begin XCRemoteSwiftPackageReference section */
		1BF038CC237BB36C00CB109C /* XCRemoteSwiftPackageReference "BaseNetworkKit" */ = {
			isa = XCRemoteSwiftPackageReference;
			repositoryURL = "https://github.com/thejohnlima/BaseNetworkKit.git";
			requirement = {
				branch = master;
				kind = branch;
			};
		};
/* End XCRemoteSwiftPackageReference section */

/* Begin XCSwiftPackageProductDependency section */
		1BF038CD237BB36C00CB109C /* BaseNetworkKit */ = {
			isa = XCSwiftPackageProductDependency;
			package = 1BF038CC237BB36C00CB109C /* XCRemoteSwiftPackageReference "BaseNetworkKit" */;
			productName = BaseNetworkKit;
		};
/* End XCSwiftPackageProductDependency section */
	};
	rootObject = 1B955F7D237BA8CF0057479D /* Project object */;
}
