// !$*UTF8*$!
{
	archiveVersion = 1;
	classes = {
	};
	objectVersion = 50;
	objects = {

/* Begin PBXBuildFile section */
		521467E72339B108004E988B /* AppDelegate.swift in Sources */ = {isa = PBXBuildFile; fileRef = 521467E62339B108004E988B /* AppDelegate.swift */; };
		521467E92339B108004E988B /* SceneDelegate.swift in Sources */ = {isa = PBXBuildFile; fileRef = 521467E82339B108004E988B /* SceneDelegate.swift */; };
		521467EB2339B108004E988B /* ViewController.swift in Sources */ = {isa = PBXBuildFile; fileRef = 521467EA2339B108004E988B /* ViewController.swift */; };
		521467EE2339B108004E988B /* Main.storyboard in Resources */ = {isa = PBXBuildFile; fileRef = 521467EC2339B108004E988B /* Main.storyboard */; };
		521467F02339B109004E988B /* Assets.xcassets in Resources */ = {isa = PBXBuildFile; fileRef = 521467EF2339B109004E988B /* Assets.xcassets */; };
		521467F32339B109004E988B /* LaunchScreen.storyboard in Resources */ = {isa = PBXBuildFile; fileRef = 521467F12339B109004E988B /* LaunchScreen.storyboard */; };
		521467FB2339B260004E988B /* Filme.swift in Sources */ = {isa = PBXBuildFile; fileRef = 521467FA2339B260004E988B /* Filme.swift */; };
		52FFD331233B130B0026A3CB /* FilmeCelula.swift in Sources */ = {isa = PBXBuildFile; fileRef = 52FFD330233B130B0026A3CB /* FilmeCelula.swift */; };
/* End PBXBuildFile section */

/* Begin PBXFileReference section */
		521467E32339B108004E988B /* MeusFilmes.app */ = {isa = PBXFileReference; explicitFileType = wrapper.application; includeInIndex = 0; path = MeusFilmes.app; sourceTree = BUILT_PRODUCTS_DIR; };
		521467E62339B108004E988B /* AppDelegate.swift */ = {isa = PBXFileReference; lastKnownFileType = sourcecode.swift; path = AppDelegate.swift; sourceTree = "<group>"; };
		521467E82339B108004E988B /* SceneDelegate.swift */ = {isa = PBXFileReference; lastKnownFileType = sourcecode.swift; path = SceneDelegate.swift; sourceTree = "<group>"; };
		521467EA2339B108004E988B /* ViewController.swift */ = {isa = PBXFileReference; lastKnownFileType = sourcecode.swift; path = ViewController.swift; sourceTree = "<group>"; };
		521467ED2339B108004E988B /* Base */ = {isa = PBXFileReference; lastKnownFileType = file.storyboard; name = Base; path = Base.lproj/Main.storyboard; sourceTree = "<group>"; };
		521467EF2339B109004E988B /* Assets.xcassets */ = {isa = PBXFileReference; lastKnownFileType = folder.assetcatalog; path = Assets.xcassets; sourceTree = "<group>"; };
		521467F22339B109004E988B /* Base */ = {isa = PBXFileReference; lastKnownFileType = file.storyboard; name = Base; path = Base.lproj/LaunchScreen.storyboard; sourceTree = "<group>"; };
		521467F42339B109004E988B /* Info.plist */ = {isa = PBXFileReference; lastKnownFileType = text.plist.xml; path = Info.plist; sourceTree = "<group>"; };
		521467FA2339B260004E988B /* Filme.swift */ = {isa = PBXFileReference; lastKnownFileType = sourcecode.swift; path = Filme.swift; sourceTree = "<group>"; };
		52FFD330233B130B0026A3CB /* FilmeCelula.swift */ = {isa = PBXFileReference; lastKnownFileType = sourcecode.swift; path = FilmeCelula.swift; sourceTree = "<group>"; };
/* End PBXFileReference section */

/* Begin PBXFrameworksBuildPhase section */
		521467E02339B108004E988B /* Frameworks */ = {
			isa = PBXFrameworksBuildPhase;
			buildActionMask = 2147483647;
			files = (
			);
			runOnlyForDeploymentPostprocessing = 0;
		};
/* End PBXFrameworksBuildPhase section */

/* Begin PBXGroup section */
		521467DA2339B108004E988B = {
			isa = PBXGroup;
			children = (
				521467E52339B108004E988B /* MeusFilmes */,
				521467E42339B108004E988B /* Products */,
			);
			sourceTree = "<group>";
		};
		521467E42339B108004E988B /* Products */ = {
			isa = PBXGroup;
			children = (
				521467E32339B108004E988B /* MeusFilmes.app */,
			);
			name = Products;
			sourceTree = "<group>";
		};
		521467E52339B108004E988B /* MeusFilmes */ = {
			isa = PBXGroup;
			children = (
				521467E62339B108004E988B /* AppDelegate.swift */,
				521467E82339B108004E988B /* SceneDelegate.swift */,
				521467EA2339B108004E988B /* ViewController.swift */,
				521467FA2339B260004E988B /* Filme.swift */,
				521467EC2339B108004E988B /* Main.storyboard */,
				52FFD330233B130B0026A3CB /* FilmeCelula.swift */,
				521467EF2339B109004E988B /* Assets.xcassets */,
				521467F12339B109004E988B /* LaunchScreen.storyboard */,
				521467F42339B109004E988B /* Info.plist */,
			);
			path = MeusFilmes;
			sourceTree = "<group>";
		};
/* End PBXGroup section */

/* Begin PBXNativeTarget section */
		521467E22339B108004E988B /* MeusFilmes */ = {
			isa = PBXNativeTarget;
			buildConfigurationList = 521467F72339B109004E988B /* Build configuration list for PBXNativeTarget "MeusFilmes" */;
			buildPhases = (
				521467DF2339B108004E988B /* Sources */,
				521467E02339B108004E988B /* Frameworks */,
				521467E12339B108004E988B /* Resources */,
			);
			buildRules = (
			);
			dependencies = (
			);
			name = MeusFilmes;
			productName = MeusFilmes;
			productReference = 521467E32339B108004E988B /* MeusFilmes.app */;
			productType = "com.apple.product-type.application";
		};
/* End PBXNativeTarget section */

/* Begin PBXProject section */
		521467DB2339B108004E988B /* Project object */ = {
			isa = PBXProject;
			attributes = {
				LastSwiftUpdateCheck = 1100;
				LastUpgradeCheck = 1100;
				ORGANIZATIONNAME = CursoSwift;
				TargetAttributes = {
					521467E22339B108004E988B = {
						CreatedOnToolsVersion = 11.0;
					};
				};
			};
			buildConfigurationList = 521467DE2339B108004E988B /* Build configuration list for PBXProject "MeusFilmes" */;
			compatibilityVersion = "Xcode 9.3";
			developmentRegion = en;
			hasScannedForEncodings = 0;
			knownRegions = (
				en,
				Base,
			);
			mainGroup = 521467DA2339B108004E988B;
			productRefGroup = 521467E42339B108004E988B /* Products */;
			projectDirPath = "";
			projectRoot = "";
			targets = (
				521467E22339B108004E988B /* MeusFilmes */,
			);
		};
/* End PBXProject section */

/* Begin PBXResourcesBuildPhase section */
		521467E12339B108004E988B /* Resources */ = {
			isa = PBXResourcesBuildPhase;
			buildActionMask = 2147483647;
			files = (
				521467F32339B109004E988B /* LaunchScreen.storyboard in Resources */,
				521467F02339B109004E988B /* Assets.xcassets in Resources */,
				521467EE2339B108004E988B /* Main.storyboard in Resources */,
			);
			runOnlyForDeploymentPostprocessing = 0;
		};
/* End PBXResourcesBuildPhase section */

/* Begin PBXSourcesBuildPhase section */
		521467DF2339B108004E988B /* Sources */ = {
			isa = PBXSourcesBuildPhase;
			buildActionMask = 2147483647;
			files = (
				521467EB2339B108004E988B /* ViewController.swift in Sources */,
				52FFD331233B130B0026A3CB /* FilmeCelula.swift in Sources */,
				521467E72339B108004E988B /* AppDelegate.swift in Sources */,
				521467E92339B108004E988B /* SceneDelegate.swift in Sources */,
				521467FB2339B260004E988B /* Filme.swift in Sources */,
			);
			runOnlyForDeploymentPostprocessing = 0;
		};
/* End PBXSourcesBuildPhase section */

/* Begin PBXVariantGroup section */
		521467EC2339B108004E988B /* Main.storyboard */ = {
			isa = PBXVariantGroup;
			children = (
				521467ED2339B108004E988B /* Base */,
			);
			name = Main.storyboard;
			sourceTree = "<group>";
		};
		521467F12339B109004E988B /* LaunchScreen.storyboard */ = {
			isa = PBXVariantGroup;
			children = (
				521467F22339B109004E988B /* Base */,
			);
			name = LaunchScreen.storyboard;
			sourceTree = "<group>";
		};
/* End PBXVariantGroup section */

/* Begin XCBuildConfiguration section */
		521467F52339B109004E988B /* Debug */ = {
			isa = XCBuildConfiguration;
			buildSettings = {
				ALWAYS_SEARCH_USER_PATHS = NO;
				CLANG_ANALYZER_NONNULL = YES;
				CLANG_ANALYZER_NUMBER_OBJECT_CONVERSION = YES_AGGRESSIVE;
				CLANG_CXX_LANGUAGE_STANDARD = "gnu++14";
				CLANG_CXX_LIBRARY = "libc++";
				CLANG_ENABLE_MODULES = YES;
				CLANG_ENABLE_OBJC_ARC = YES;
				CLANG_ENABLE_OBJC_WEAK = YES;
				CLANG_WARN_BLOCK_CAPTURE_AUTORELEASING = YES;
				CLANG_WARN_BOOL_CONVERSION = YES;
				CLANG_WARN_COMMA = YES;
				CLANG_WARN_CONSTANT_CONVERSION = YES;
				CLANG_WARN_DEPRECATED_OBJC_IMPLEMENTATIONS = YES;
				CLANG_WARN_DIRECT_OBJC_ISA_USAGE = YES_ERROR;
				CLANG_WARN_DOCUMENTATION_COMMENTS = YES;
				CLANG_WARN_EMPTY_BODY = YES;
				CLANG_WARN_ENUM_CONVERSION = YES;
				CLANG_WARN_INFINITE_RECURSION = YES;
				CLANG_WARN_INT_CONVERSION = YES;
				CLANG_WARN_NON_LITERAL_NULL_CONVERSION = YES;
				CLANG_WARN_OBJC_IMPLICIT_RETAIN_SELF = YES;
				CLANG_WARN_OBJC_LITERAL_CONVERSION = YES;
				CLANG_WARN_OBJC_ROOT_CLASS = YES_ERROR;
				CLANG_WARN_RANGE_LOOP_ANALYSIS = YES;
				CLANG_WARN_STRICT_PROTOTYPES = YES;
				CLANG_WARN_SUSPICIOUS_MOVE = YES;
				CLANG_WARN_UNGUARDED_AVAILABILITY = YES_AGGRESSIVE;
				CLANG_WARN_UNREACHABLE_CODE = YES;
				CLANG_WARN__DUPLICATE_METHOD_MATCH = YES;
				COPY_PHASE_STRIP = NO;
				DEBUG_INFORMATION_FORMAT = dwarf;
				ENABLE_STRICT_OBJC_MSGSEND = YES;
				ENABLE_TESTABILITY = YES;
				GCC_C_LANGUAGE_STANDARD = gnu11;
				GCC_DYNAMIC_NO_PIC = NO;
				GCC_NO_COMMON_BLOCKS = YES;
				GCC_OPTIMIZATION_LEVEL = 0;
				GCC_PREPROCESSOR_DEFINITIONS = (
					"DEBUG=1",
					"$(inherited)",
				);
				GCC_WARN_64_TO_32_BIT_CONVERSION = YES;
				GCC_WARN_ABOUT_RETURN_TYPE = YES_ERROR;
				GCC_WARN_UNDECLARED_SELECTOR = YES;
				GCC_WARN_UNINITIALIZED_AUTOS = YES_AGGRESSIVE;
				GCC_WARN_UNUSED_FUNCTION = YES;
				GCC_WARN_UNUSED_VARIABLE = YES;
				IPHONEOS_DEPLOYMENT_TARGET = 13.0;
				MTL_ENABLE_DEBUG_INFO = INCLUDE_SOURCE;
				MTL_FAST_MATH = YES;
				ONLY_ACTIVE_ARCH = YES;
				SDKROOT = iphoneos;
				SWIFT_ACTIVE_COMPILATION_CONDITIONS = DEBUG;
				SWIFT_OPTIMIZATION_LEVEL = "-Onone";
			};
			name = Debug;
		};
		521467F62339B109004E988B /* Release */ = {
			isa = XCBuildConfiguration;
			buildSettings = {
				ALWAYS_SEARCH_USER_PATHS = NO;
				CLANG_ANALYZER_NONNULL = YES;
				CLANG_ANALYZER_NUMBER_OBJECT_CONVERSION = YES_AGGRESSIVE;
				CLANG_CXX_LANGUAGE_STANDARD = "gnu++14";
				CLANG_CXX_LIBRARY = "libc++";
				CLANG_ENABLE_MODULES = YES;
				CLANG_ENABLE_OBJC_ARC = YES;
				CLANG_ENABLE_OBJC_WEAK = YES;
				CLANG_WARN_BLOCK_CAPTURE_AUTORELEASING = YES;
				CLANG_WARN_BOOL_CONVERSION = YES;
				CLANG_WARN_COMMA = YES;
				CLANG_WARN_CONSTANT_CONVERSION = YES;
				CLANG_WARN_DEPRECATED_OBJC_IMPLEMENTATIONS = YES;
				CLANG_WARN_DIRECT_OBJC_ISA_USAGE = YES_ERROR;
				CLANG_WARN_DOCUMENTATION_COMMENTS = YES;
				CLANG_WARN_EMPTY_BODY = YES;
				CLANG_WARN_ENUM_CONVERSION = YES;
				CLANG_WARN_INFINITE_RECURSION = YES;
				CLANG_WARN_INT_CONVERSION = YES;
				CLANG_WARN_NON_LITERAL_NULL_CONVERSION = YES;
				CLANG_WARN_OBJC_IMPLICIT_RETAIN_SELF = YES;
				CLANG_WARN_OBJC_LITERAL_CONVERSION = YES;
				CLANG_WARN_OBJC_ROOT_CLASS = YES_ERROR;
				CLANG_WARN_RANGE_LOOP_ANALYSIS = YES;
				CLANG_WARN_STRICT_PROTOTYPES = YES;
				CLANG_WARN_SUSPICIOUS_MOVE = YES;
				CLANG_WARN_UNGUARDED_AVAILABILITY = YES_AGGRESSIVE;
				CLANG_WARN_UNREACHABLE_CODE = YES;
				CLANG_WARN__DUPLICATE_METHOD_MATCH = YES;
				COPY_PHASE_STRIP = NO;
				DEBUG_INFORMATION_FORMAT = "dwarf-with-dsym";
				ENABLE_NS_ASSERTIONS = NO;
				ENABLE_STRICT_OBJC_MSGSEND = YES;
				GCC_C_LANGUAGE_STANDARD = gnu11;
				GCC_NO_COMMON_BLOCKS = YES;
				GCC_WARN_64_TO_32_BIT_CONVERSION = YES;
				GCC_WARN_ABOUT_RETURN_TYPE = YES_ERROR;
				GCC_WARN_UNDECLARED_SELECTOR = YES;
				GCC_WARN_UNINITIALIZED_AUTOS = YES_AGGRESSIVE;
				GCC_WARN_UNUSED_FUNCTION = YES;
				GCC_WARN_UNUSED_VARIABLE = YES;
				IPHONEOS_DEPLOYMENT_TARGET = 13.0;
				MTL_ENABLE_DEBUG_INFO = NO;
				MTL_FAST_MATH = YES;
				SDKROOT = iphoneos;
				SWIFT_COMPILATION_MODE = wholemodule;
				SWIFT_OPTIMIZATION_LEVEL = "-O";
				VALIDATE_PRODUCT = YES;
			};
			name = Release;
		};
		521467F82339B109004E988B /* Debug */ = {
			isa = XCBuildConfiguration;
			buildSettings = {
				ASSETCATALOG_COMPILER_APPICON_NAME = AppIcon;
				CODE_SIGN_STYLE = Automatic;
				INFOPLIST_FILE = MeusFilmes/Info.plist;
				LD_RUNPATH_SEARCH_PATHS = (
					"$(inherited)",
					"@executable_path/Frameworks",
				);
				PRODUCT_BUNDLE_IDENTIFIER = Thais.MeusFilmes;
				PRODUCT_NAME = "$(TARGET_NAME)";
				SWIFT_VERSION = 5.0;
				TARGETED_DEVICE_FAMILY = "1,2";
			};
			name = Debug;
		};
		521467F92339B109004E988B /* Release */ = {
			isa = XCBuildConfiguration;
			buildSettings = {
				ASSETCATALOG_COMPILER_APPICON_NAME = AppIcon;
				CODE_SIGN_STYLE = Automatic;
				INFOPLIST_FILE = MeusFilmes/Info.plist;
				LD_RUNPATH_SEARCH_PATHS = (
					"$(inherited)",
					"@executable_path/Frameworks",
				);
				PRODUCT_BUNDLE_IDENTIFIER = Thais.MeusFilmes;
				PRODUCT_NAME = "$(TARGET_NAME)";
				SWIFT_VERSION = 5.0;
				TARGETED_DEVICE_FAMILY = "1,2";
			};
			name = Release;
		};
/* End XCBuildConfiguration section */

/* Begin XCConfigurationList section */
		521467DE2339B108004E988B /* Build configuration list for PBXProject "MeusFilmes" */ = {
			isa = XCConfigurationList;
			buildConfigurations = (
				521467F52339B109004E988B /* Debug */,
				521467F62339B109004E988B /* Release */,
			);
			defaultConfigurationIsVisible = 0;
			defaultConfigurationName = Release;
		};
		521467F72339B109004E988B /* Build configuration list for PBXNativeTarget "MeusFilmes" */ = {
			isa = XCConfigurationList;
			buildConfigurations = (
				521467F82339B109004E988B /* Debug */,
				521467F92339B109004E988B /* Release */,
			);
			defaultConfigurationIsVisible = 0;
			defaultConfigurationName = Release;
		};
/* End XCConfigurationList section */
	};
	rootObject = 521467DB2339B108004E988B /* Project object */;
}
