// !$*UTF8*$!
{
	archiveVersion = 1;
	classes = {
	};
	objectVersion = 50;
	objects = {

/* Begin PBXBuildFile section */
		52489118233EFDD900D34741 /* AppDelegate.swift in Sources */ = {isa = PBXBuildFile; fileRef = 52489117233EFDD900D34741 /* AppDelegate.swift */; };
		5248911A233EFDD900D34741 /* SceneDelegate.swift in Sources */ = {isa = PBXBuildFile; fileRef = 52489119233EFDD900D34741 /* SceneDelegate.swift */; };
		5248911C233EFDD900D34741 /* ViewController.swift in Sources */ = {isa = PBXBuildFile; fileRef = 5248911B233EFDD900D34741 /* ViewController.swift */; };
		5248911F233EFDD900D34741 /* Main.storyboard in Resources */ = {isa = PBXBuildFile; fileRef = 5248911D233EFDD900D34741 /* Main.storyboard */; };
		52489121233EFDDA00D34741 /* Assets.xcassets in Resources */ = {isa = PBXBuildFile; fileRef = 52489120233EFDDA00D34741 /* Assets.xcassets */; };
		52489124233EFDDA00D34741 /* LaunchScreen.storyboard in Resources */ = {isa = PBXBuildFile; fileRef = 52489122233EFDDA00D34741 /* LaunchScreen.storyboard */; };
/* End PBXBuildFile section */

/* Begin PBXFileReference section */
		52489114233EFDD900D34741 /* SalvarDadosUsuario.app */ = {isa = PBXFileReference; explicitFileType = wrapper.application; includeInIndex = 0; path = SalvarDadosUsuario.app; sourceTree = BUILT_PRODUCTS_DIR; };
		52489117233EFDD900D34741 /* AppDelegate.swift */ = {isa = PBXFileReference; lastKnownFileType = sourcecode.swift; path = AppDelegate.swift; sourceTree = "<group>"; };
		52489119233EFDD900D34741 /* SceneDelegate.swift */ = {isa = PBXFileReference; lastKnownFileType = sourcecode.swift; path = SceneDelegate.swift; sourceTree = "<group>"; };
		5248911B233EFDD900D34741 /* ViewController.swift */ = {isa = PBXFileReference; lastKnownFileType = sourcecode.swift; path = ViewController.swift; sourceTree = "<group>"; };
		5248911E233EFDD900D34741 /* Base */ = {isa = PBXFileReference; lastKnownFileType = file.storyboard; name = Base; path = Base.lproj/Main.storyboard; sourceTree = "<group>"; };
		52489120233EFDDA00D34741 /* Assets.xcassets */ = {isa = PBXFileReference; lastKnownFileType = folder.assetcatalog; path = Assets.xcassets; sourceTree = "<group>"; };
		52489123233EFDDA00D34741 /* Base */ = {isa = PBXFileReference; lastKnownFileType = file.storyboard; name = Base; path = Base.lproj/LaunchScreen.storyboard; sourceTree = "<group>"; };
		52489125233EFDDA00D34741 /* Info.plist */ = {isa = PBXFileReference; lastKnownFileType = text.plist.xml; path = Info.plist; sourceTree = "<group>"; };
/* End PBXFileReference section */

/* Begin PBXFrameworksBuildPhase section */
		52489111233EFDD900D34741 /* Frameworks */ = {
			isa = PBXFrameworksBuildPhase;
			buildActionMask = 2147483647;
			files = (
			);
			runOnlyForDeploymentPostprocessing = 0;
		};
/* End PBXFrameworksBuildPhase section */

/* Begin PBXGroup section */
		5248910B233EFDD900D34741 = {
			isa = PBXGroup;
			children = (
				52489116233EFDD900D34741 /* SalvarDadosUsuario */,
				52489115233EFDD900D34741 /* Products */,
			);
			sourceTree = "<group>";
		};
		52489115233EFDD900D34741 /* Products */ = {
			isa = PBXGroup;
			children = (
				52489114233EFDD900D34741 /* SalvarDadosUsuario.app */,
			);
			name = Products;
			sourceTree = "<group>";
		};
		52489116233EFDD900D34741 /* SalvarDadosUsuario */ = {
			isa = PBXGroup;
			children = (
				52489117233EFDD900D34741 /* AppDelegate.swift */,
				52489119233EFDD900D34741 /* SceneDelegate.swift */,
				5248911B233EFDD900D34741 /* ViewController.swift */,
				5248911D233EFDD900D34741 /* Main.storyboard */,
				52489120233EFDDA00D34741 /* Assets.xcassets */,
				52489122233EFDDA00D34741 /* LaunchScreen.storyboard */,
				52489125233EFDDA00D34741 /* Info.plist */,
			);
			path = SalvarDadosUsuario;
			sourceTree = "<group>";
		};
/* End PBXGroup section */

/* Begin PBXNativeTarget section */
		52489113233EFDD900D34741 /* SalvarDadosUsuario */ = {
			isa = PBXNativeTarget;
			buildConfigurationList = 52489128233EFDDA00D34741 /* Build configuration list for PBXNativeTarget "SalvarDadosUsuario" */;
			buildPhases = (
				52489110233EFDD900D34741 /* Sources */,
				52489111233EFDD900D34741 /* Frameworks */,
				52489112233EFDD900D34741 /* Resources */,
			);
			buildRules = (
			);
			dependencies = (
			);
			name = SalvarDadosUsuario;
			productName = SalvarDadosUsuario;
			productReference = 52489114233EFDD900D34741 /* SalvarDadosUsuario.app */;
			productType = "com.apple.product-type.application";
		};
/* End PBXNativeTarget section */

/* Begin PBXProject section */
		5248910C233EFDD900D34741 /* Project object */ = {
			isa = PBXProject;
			attributes = {
				LastSwiftUpdateCheck = 1100;
				LastUpgradeCheck = 1100;
				ORGANIZATIONNAME = CursoSwift;
				TargetAttributes = {
					52489113233EFDD900D34741 = {
						CreatedOnToolsVersion = 11.0;
					};
				};
			};
			buildConfigurationList = 5248910F233EFDD900D34741 /* Build configuration list for PBXProject "SalvarDadosUsuario" */;
			compatibilityVersion = "Xcode 9.3";
			developmentRegion = en;
			hasScannedForEncodings = 0;
			knownRegions = (
				en,
				Base,
			);
			mainGroup = 5248910B233EFDD900D34741;
			productRefGroup = 52489115233EFDD900D34741 /* Products */;
			projectDirPath = "";
			projectRoot = "";
			targets = (
				52489113233EFDD900D34741 /* SalvarDadosUsuario */,
			);
		};
/* End PBXProject section */

/* Begin PBXResourcesBuildPhase section */
		52489112233EFDD900D34741 /* Resources */ = {
			isa = PBXResourcesBuildPhase;
			buildActionMask = 2147483647;
			files = (
				52489124233EFDDA00D34741 /* LaunchScreen.storyboard in Resources */,
				52489121233EFDDA00D34741 /* Assets.xcassets in Resources */,
				5248911F233EFDD900D34741 /* Main.storyboard in Resources */,
			);
			runOnlyForDeploymentPostprocessing = 0;
		};
/* End PBXResourcesBuildPhase section */

/* Begin PBXSourcesBuildPhase section */
		52489110233EFDD900D34741 /* Sources */ = {
			isa = PBXSourcesBuildPhase;
			buildActionMask = 2147483647;
			files = (
				5248911C233EFDD900D34741 /* ViewController.swift in Sources */,
				52489118233EFDD900D34741 /* AppDelegate.swift in Sources */,
				5248911A233EFDD900D34741 /* SceneDelegate.swift in Sources */,
			);
			runOnlyForDeploymentPostprocessing = 0;
		};
/* End PBXSourcesBuildPhase section */

/* Begin PBXVariantGroup section */
		5248911D233EFDD900D34741 /* Main.storyboard */ = {
			isa = PBXVariantGroup;
			children = (
				5248911E233EFDD900D34741 /* Base */,
			);
			name = Main.storyboard;
			sourceTree = "<group>";
		};
		52489122233EFDDA00D34741 /* LaunchScreen.storyboard */ = {
			isa = PBXVariantGroup;
			children = (
				52489123233EFDDA00D34741 /* Base */,
			);
			name = LaunchScreen.storyboard;
			sourceTree = "<group>";
		};
/* End PBXVariantGroup section */

/* Begin XCBuildConfiguration section */
		52489126233EFDDA00D34741 /* Debug */ = {
			isa = XCBuildConfiguration;
			buildSettings = {
				ALWAYS_SEARCH_USER_PATHS = NO;
				CLANG_ANALYZER_NONNULL = YES;
				CLANG_ANALYZER_NUMBER_OBJECT_CONVERSION = YES_AGGRESSIVE;
				CLANG_CXX_LANGUAGE_STANDARD = "gnu++14";
				CLANG_CXX_LIBRARY = "libc++";
				CLANG_ENABLE_MODULES = YES;
				CLANG_ENABLE_OBJC_ARC = YES;
				CLANG_ENABLE_OBJC_WEAK = YES;
				CLANG_WARN_BLOCK_CAPTURE_AUTORELEASING = YES;
				CLANG_WARN_BOOL_CONVERSION = YES;
				CLANG_WARN_COMMA = YES;
				CLANG_WARN_CONSTANT_CONVERSION = YES;
				CLANG_WARN_DEPRECATED_OBJC_IMPLEMENTATIONS = YES;
				CLANG_WARN_DIRECT_OBJC_ISA_USAGE = YES_ERROR;
				CLANG_WARN_DOCUMENTATION_COMMENTS = YES;
				CLANG_WARN_EMPTY_BODY = YES;
				CLANG_WARN_ENUM_CONVERSION = YES;
				CLANG_WARN_INFINITE_RECURSION = YES;
				CLANG_WARN_INT_CONVERSION = YES;
				CLANG_WARN_NON_LITERAL_NULL_CONVERSION = YES;
				CLANG_WARN_OBJC_IMPLICIT_RETAIN_SELF = YES;
				CLANG_WARN_OBJC_LITERAL_CONVERSION = YES;
				CLANG_WARN_OBJC_ROOT_CLASS = YES_ERROR;
				CLANG_WARN_RANGE_LOOP_ANALYSIS = YES;
				CLANG_WARN_STRICT_PROTOTYPES = YES;
				CLANG_WARN_SUSPICIOUS_MOVE = YES;
				CLANG_WARN_UNGUARDED_AVAILABILITY = YES_AGGRESSIVE;
				CLANG_WARN_UNREACHABLE_CODE = YES;
				CLANG_WARN__DUPLICATE_METHOD_MATCH = YES;
				COPY_PHASE_STRIP = NO;
				DEBUG_INFORMATION_FORMAT = dwarf;
				ENABLE_STRICT_OBJC_MSGSEND = YES;
				ENABLE_TESTABILITY = YES;
				GCC_C_LANGUAGE_STANDARD = gnu11;
				GCC_DYNAMIC_NO_PIC = NO;
				GCC_NO_COMMON_BLOCKS = YES;
				GCC_OPTIMIZATION_LEVEL = 0;
				GCC_PREPROCESSOR_DEFINITIONS = (
					"DEBUG=1",
					"$(inherited)",
				);
				GCC_WARN_64_TO_32_BIT_CONVERSION = YES;
				GCC_WARN_ABOUT_RETURN_TYPE = YES_ERROR;
				GCC_WARN_UNDECLARED_SELECTOR = YES;
				GCC_WARN_UNINITIALIZED_AUTOS = YES_AGGRESSIVE;
				GCC_WARN_UNUSED_FUNCTION = YES;
				GCC_WARN_UNUSED_VARIABLE = YES;
				IPHONEOS_DEPLOYMENT_TARGET = 13.0;
				MTL_ENABLE_DEBUG_INFO = INCLUDE_SOURCE;
				MTL_FAST_MATH = YES;
				ONLY_ACTIVE_ARCH = YES;
				SDKROOT = iphoneos;
				SWIFT_ACTIVE_COMPILATION_CONDITIONS = DEBUG;
				SWIFT_OPTIMIZATION_LEVEL = "-Onone";
			};
			name = Debug;
		};
		52489127233EFDDA00D34741 /* Release */ = {
			isa = XCBuildConfiguration;
			buildSettings = {
				ALWAYS_SEARCH_USER_PATHS = NO;
				CLANG_ANALYZER_NONNULL = YES;
				CLANG_ANALYZER_NUMBER_OBJECT_CONVERSION = YES_AGGRESSIVE;
				CLANG_CXX_LANGUAGE_STANDARD = "gnu++14";
				CLANG_CXX_LIBRARY = "libc++";
				CLANG_ENABLE_MODULES = YES;
				CLANG_ENABLE_OBJC_ARC = YES;
				CLANG_ENABLE_OBJC_WEAK = YES;
				CLANG_WARN_BLOCK_CAPTURE_AUTORELEASING = YES;
				CLANG_WARN_BOOL_CONVERSION = YES;
				CLANG_WARN_COMMA = YES;
				CLANG_WARN_CONSTANT_CONVERSION = YES;
				CLANG_WARN_DEPRECATED_OBJC_IMPLEMENTATIONS = YES;
				CLANG_WARN_DIRECT_OBJC_ISA_USAGE = YES_ERROR;
				CLANG_WARN_DOCUMENTATION_COMMENTS = YES;
				CLANG_WARN_EMPTY_BODY = YES;
				CLANG_WARN_ENUM_CONVERSION = YES;
				CLANG_WARN_INFINITE_RECURSION = YES;
				CLANG_WARN_INT_CONVERSION = YES;
				CLANG_WARN_NON_LITERAL_NULL_CONVERSION = YES;
				CLANG_WARN_OBJC_IMPLICIT_RETAIN_SELF = YES;
				CLANG_WARN_OBJC_LITERAL_CONVERSION = YES;
				CLANG_WARN_OBJC_ROOT_CLASS = YES_ERROR;
				CLANG_WARN_RANGE_LOOP_ANALYSIS = YES;
				CLANG_WARN_STRICT_PROTOTYPES = YES;
				CLANG_WARN_SUSPICIOUS_MOVE = YES;
				CLANG_WARN_UNGUARDED_AVAILABILITY = YES_AGGRESSIVE;
				CLANG_WARN_UNREACHABLE_CODE = YES;
				CLANG_WARN__DUPLICATE_METHOD_MATCH = YES;
				COPY_PHASE_STRIP = NO;
				DEBUG_INFORMATION_FORMAT = "dwarf-with-dsym";
				ENABLE_NS_ASSERTIONS = NO;
				ENABLE_STRICT_OBJC_MSGSEND = YES;
				GCC_C_LANGUAGE_STANDARD = gnu11;
				GCC_NO_COMMON_BLOCKS = YES;
				GCC_WARN_64_TO_32_BIT_CONVERSION = YES;
				GCC_WARN_ABOUT_RETURN_TYPE = YES_ERROR;
				GCC_WARN_UNDECLARED_SELECTOR = YES;
				GCC_WARN_UNINITIALIZED_AUTOS = YES_AGGRESSIVE;
				GCC_WARN_UNUSED_FUNCTION = YES;
				GCC_WARN_UNUSED_VARIABLE = YES;
				IPHONEOS_DEPLOYMENT_TARGET = 13.0;
				MTL_ENABLE_DEBUG_INFO = NO;
				MTL_FAST_MATH = YES;
				SDKROOT = iphoneos;
				SWIFT_COMPILATION_MODE = wholemodule;
				SWIFT_OPTIMIZATION_LEVEL = "-O";
				VALIDATE_PRODUCT = YES;
			};
			name = Release;
		};
		52489129233EFDDA00D34741 /* Debug */ = {
			isa = XCBuildConfiguration;
			buildSettings = {
				ASSETCATALOG_COMPILER_APPICON_NAME = AppIcon;
				CODE_SIGN_STYLE = Automatic;
				INFOPLIST_FILE = SalvarDadosUsuario/Info.plist;
				LD_RUNPATH_SEARCH_PATHS = (
					"$(inherited)",
					"@executable_path/Frameworks",
				);
				PRODUCT_BUNDLE_IDENTIFIER = Thais.SalvarDadosUsuario;
				PRODUCT_NAME = "$(TARGET_NAME)";
				SWIFT_VERSION = 5.0;
				TARGETED_DEVICE_FAMILY = "1,2";
			};
			name = Debug;
		};
		5248912A233EFDDA00D34741 /* Release */ = {
			isa = XCBuildConfiguration;
			buildSettings = {
				ASSETCATALOG_COMPILER_APPICON_NAME = AppIcon;
				CODE_SIGN_STYLE = Automatic;
				INFOPLIST_FILE = SalvarDadosUsuario/Info.plist;
				LD_RUNPATH_SEARCH_PATHS = (
					"$(inherited)",
					"@executable_path/Frameworks",
				);
				PRODUCT_BUNDLE_IDENTIFIER = Thais.SalvarDadosUsuario;
				PRODUCT_NAME = "$(TARGET_NAME)";
				SWIFT_VERSION = 5.0;
				TARGETED_DEVICE_FAMILY = "1,2";
			};
			name = Release;
		};
/* End XCBuildConfiguration section */

/* Begin XCConfigurationList section */
		5248910F233EFDD900D34741 /* Build configuration list for PBXProject "SalvarDadosUsuario" */ = {
			isa = XCConfigurationList;
			buildConfigurations = (
				52489126233EFDDA00D34741 /* Debug */,
				52489127233EFDDA00D34741 /* Release */,
			);
			defaultConfigurationIsVisible = 0;
			defaultConfigurationName = Release;
		};
		52489128233EFDDA00D34741 /* Build configuration list for PBXNativeTarget "SalvarDadosUsuario" */ = {
			isa = XCConfigurationList;
			buildConfigurations = (
				52489129233EFDDA00D34741 /* Debug */,
				5248912A233EFDDA00D34741 /* Release */,
			);
			defaultConfigurationIsVisible = 0;
			defaultConfigurationName = Release;
		};
/* End XCConfigurationList section */
	};
	rootObject = 5248910C233EFDD900D34741 /* Project object */;
}
